// !$*UTF8*$!
{
	archiveVersion = 1;
	classes = {
	};
	objectVersion = 56;
	objects = {

/* Begin PBXBuildFile section */
		823938212C986D9A002DEC1F /* Gemini_AI_iOS_SwiftUIApp.swift in Sources */ = {isa = PBXBuildFile; fileRef = 823938202C986D9A002DEC1F /* Gemini_AI_iOS_SwiftUIApp.swift */; };
		823938232C986D9A002DEC1F /* ContentView.swift in Sources */ = {isa = PBXBuildFile; fileRef = 823938222C986D9A002DEC1F /* ContentView.swift */; };
		823938252C986D9B002DEC1F /* Assets.xcassets in Resources */ = {isa = PBXBuildFile; fileRef = 823938242C986D9B002DEC1F /* Assets.xcassets */; };
		823938282C986D9B002DEC1F /* Preview Assets.xcassets in Resources */ = {isa = PBXBuildFile; fileRef = 823938272C986D9B002DEC1F /* Preview Assets.xcassets */; };
		8239382F2C98739C002DEC1F /* Gemini-AI-Keys.plist in Resources */ = {isa = PBXBuildFile; fileRef = 8239382E2C98739C002DEC1F /* Gemini-AI-Keys.plist */; };
		823938312C9873E9002DEC1F /* APIKey.swift in Sources */ = {isa = PBXBuildFile; fileRef = 823938302C9873E9002DEC1F /* APIKey.swift */; };
		823938342C987762002DEC1F /* GoogleGenerativeAI in Frameworks */ = {isa = PBXBuildFile; productRef = 823938332C987762002DEC1F /* GoogleGenerativeAI */; };
/* End PBXBuildFile section */

/* Begin PBXFileReference section */
		8239381D2C986D9A002DEC1F /* Gemini-AI-iOS-SwiftUI.app */ = {isa = PBXFileReference; explicitFileType = wrapper.application; includeInIndex = 0; path = "Gemini-AI-iOS-SwiftUI.app"; sourceTree = BUILT_PRODUCTS_DIR; };
		823938202C986D9A002DEC1F /* Gemini_AI_iOS_SwiftUIApp.swift */ = {isa = PBXFileReference; lastKnownFileType = sourcecode.swift; path = Gemini_AI_iOS_SwiftUIApp.swift; sourceTree = "<group>"; };
		823938222C986D9A002DEC1F /* ContentView.swift */ = {isa = PBXFileReference; lastKnownFileType = sourcecode.swift; path = ContentView.swift; sourceTree = "<group>"; };
		823938242C986D9B002DEC1F /* Assets.xcassets */ = {isa = PBXFileReference; lastKnownFileType = folder.assetcatalog; path = Assets.xcassets; sourceTree = "<group>"; };
		823938272C986D9B002DEC1F /* Preview Assets.xcassets */ = {isa = PBXFileReference; lastKnownFileType = folder.assetcatalog; path = "Preview Assets.xcassets"; sourceTree = "<group>"; };
		8239382E2C98739C002DEC1F /* Gemini-AI-Keys.plist */ = {isa = PBXFileReference; lastKnownFileType = text.plist.xml; path = "Gemini-AI-Keys.plist"; sourceTree = "<group>"; };
		823938302C9873E9002DEC1F /* APIKey.swift */ = {isa = PBXFileReference; lastKnownFileType = sourcecode.swift; path = APIKey.swift; sourceTree = "<group>"; };
/* End PBXFileReference section */

/* Begin PBXFrameworksBuildPhase section */
		8239381A2C986D9A002DEC1F /* Frameworks */ = {
			isa = PBXFrameworksBuildPhase;
			buildActionMask = 2147483647;
			files = (
				823938342C987762002DEC1F /* GoogleGenerativeAI in Frameworks */,
			);
			runOnlyForDeploymentPostprocessing = 0;
		};
/* End PBXFrameworksBuildPhase section */

/* Begin PBXGroup section */
		823938142C986D9A002DEC1F = {
			isa = PBXGroup;
			children = (
				8239381F2C986D9A002DEC1F /* Gemini-AI-iOS-SwiftUI */,
				8239381E2C986D9A002DEC1F /* Products */,
			);
			sourceTree = "<group>";
		};
		8239381E2C986D9A002DEC1F /* Products */ = {
			isa = PBXGroup;
			children = (
				8239381D2C986D9A002DEC1F /* Gemini-AI-iOS-SwiftUI.app */,
			);
			name = Products;
			sourceTree = "<group>";
		};
		8239381F2C986D9A002DEC1F /* Gemini-AI-iOS-SwiftUI */ = {
			isa = PBXGroup;
			children = (
				823938202C986D9A002DEC1F /* Gemini_AI_iOS_SwiftUIApp.swift */,
				823938222C986D9A002DEC1F /* ContentView.swift */,
				823938242C986D9B002DEC1F /* Assets.xcassets */,
				823938262C986D9B002DEC1F /* Preview Content */,
				8239382E2C98739C002DEC1F /* Gemini-AI-Keys.plist */,
				823938302C9873E9002DEC1F /* APIKey.swift */,
			);
			path = "Gemini-AI-iOS-SwiftUI";
			sourceTree = "<group>";
		};
		823938262C986D9B002DEC1F /* Preview Content */ = {
			isa = PBXGroup;
			children = (
				823938272C986D9B002DEC1F /* Preview Assets.xcassets */,
			);
			path = "Preview Content";
			sourceTree = "<group>";
		};
/* End PBXGroup section */

/* Begin PBXNativeTarget section */
		8239381C2C986D9A002DEC1F /* Gemini-AI-iOS-SwiftUI */ = {
			isa = PBXNativeTarget;
			buildConfigurationList = 8239382B2C986D9B002DEC1F /* Build configuration list for PBXNativeTarget "Gemini-AI-iOS-SwiftUI" */;
			buildPhases = (
				823938192C986D9A002DEC1F /* Sources */,
				8239381A2C986D9A002DEC1F /* Frameworks */,
				8239381B2C986D9A002DEC1F /* Resources */,
			);
			buildRules = (
			);
			dependencies = (
			);
			name = "Gemini-AI-iOS-SwiftUI";
			packageProductDependencies = (
				823938332C987762002DEC1F /* GoogleGenerativeAI */,
			);
			productName = "Gemini-AI-iOS-SwiftUI";
			productReference = 8239381D2C986D9A002DEC1F /* Gemini-AI-iOS-SwiftUI.app */;
			productType = "com.apple.product-type.application";
		};
/* End PBXNativeTarget section */

/* Begin PBXProject section */
		823938152C986D9A002DEC1F /* Project object */ = {
			isa = PBXProject;
			attributes = {
				BuildIndependentTargetsInParallel = 1;
				LastSwiftUpdateCheck = 1520;
				LastUpgradeCheck = 1520;
				TargetAttributes = {
					8239381C2C986D9A002DEC1F = {
						CreatedOnToolsVersion = 15.2;
					};
				};
			};
			buildConfigurationList = 823938182C986D9A002DEC1F /* Build configuration list for PBXProject "Gemini-AI-iOS-SwiftUI" */;
			compatibilityVersion = "Xcode 14.0";
			developmentRegion = en;
			hasScannedForEncodings = 0;
			knownRegions = (
				en,
				Base,
			);
			mainGroup = 823938142C986D9A002DEC1F;
			packageReferences = (
				823938322C987762002DEC1F /* XCRemoteSwiftPackageReference "generative-ai-swift" */,
			);
			productRefGroup = 8239381E2C986D9A002DEC1F /* Products */;
			projectDirPath = "";
			projectRoot = "";
			targets = (
				8239381C2C986D9A002DEC1F /* Gemini-AI-iOS-SwiftUI */,
			);
		};
/* End PBXProject section */

/* Begin PBXResourcesBuildPhase section */
		8239381B2C986D9A002DEC1F /* Resources */ = {
			isa = PBXResourcesBuildPhase;
			buildActionMask = 2147483647;
			files = (
				823938282C986D9B002DEC1F /* Preview Assets.xcassets in Resources */,
				823938252C986D9B002DEC1F /* Assets.xcassets in Resources */,
				8239382F2C98739C002DEC1F /* Gemini-AI-Keys.plist in Resources */,
			);
			runOnlyForDeploymentPostprocessing = 0;
		};
/* End PBXResourcesBuildPhase section */

/* Begin PBXSourcesBuildPhase section */
		823938192C986D9A002DEC1F /* Sources */ = {
			isa = PBXSourcesBuildPhase;
			buildActionMask = 2147483647;
			files = (
				823938232C986D9A002DEC1F /* ContentView.swift in Sources */,
				823938312C9873E9002DEC1F /* APIKey.swift in Sources */,
				823938212C986D9A002DEC1F /* Gemini_AI_iOS_SwiftUIApp.swift in Sources */,
			);
			runOnlyForDeploymentPostprocessing = 0;
		};
/* End PBXSourcesBuildPhase section */

/* Begin XCBuildConfiguration section */
		823938292C986D9B002DEC1F /* Debug */ = {
			isa = XCBuildConfiguration;
			buildSettings = {
				ALWAYS_SEARCH_USER_PATHS = NO;
				ASSETCATALOG_COMPILER_GENERATE_SWIFT_ASSET_SYMBOL_EXTENSIONS = YES;
				CLANG_ANALYZER_NONNULL = YES;
				CLANG_ANALYZER_NUMBER_OBJECT_CONVERSION = YES_AGGRESSIVE;
				CLANG_CXX_LANGUAGE_STANDARD = "gnu++20";
				CLANG_ENABLE_MODULES = YES;
				CLANG_ENABLE_OBJC_ARC = YES;
				CLANG_ENABLE_OBJC_WEAK = YES;
				CLANG_WARN_BLOCK_CAPTURE_AUTORELEASING = YES;
				CLANG_WARN_BOOL_CONVERSION = YES;
				CLANG_WARN_COMMA = YES;
				CLANG_WARN_CONSTANT_CONVERSION = YES;
				CLANG_WARN_DEPRECATED_OBJC_IMPLEMENTATIONS = YES;
				CLANG_WARN_DIRECT_OBJC_ISA_USAGE = YES_ERROR;
				CLANG_WARN_DOCUMENTATION_COMMENTS = YES;
				CLANG_WARN_EMPTY_BODY = YES;
				CLANG_WARN_ENUM_CONVERSION = YES;
				CLANG_WARN_INFINITE_RECURSION = YES;
				CLANG_WARN_INT_CONVERSION = YES;
				CLANG_WARN_NON_LITERAL_NULL_CONVERSION = YES;
				CLANG_WARN_OBJC_IMPLICIT_RETAIN_SELF = YES;
				CLANG_WARN_OBJC_LITERAL_CONVERSION = YES;
				CLANG_WARN_OBJC_ROOT_CLASS = YES_ERROR;
				CLANG_WARN_QUOTED_INCLUDE_IN_FRAMEWORK_HEADER = YES;
				CLANG_WARN_RANGE_LOOP_ANALYSIS = YES;
				CLANG_WARN_STRICT_PROTOTYPES = YES;
				CLANG_WARN_SUSPICIOUS_MOVE = YES;
				CLANG_WARN_UNGUARDED_AVAILABILITY = YES_AGGRESSIVE;
				CLANG_WARN_UNREACHABLE_CODE = YES;
				CLANG_WARN__DUPLICATE_METHOD_MATCH = YES;
				COPY_PHASE_STRIP = NO;
				DEBUG_INFORMATION_FORMAT = dwarf;
				ENABLE_STRICT_OBJC_MSGSEND = YES;
				ENABLE_TESTABILITY = YES;
				ENABLE_USER_SCRIPT_SANDBOXING = YES;
				GCC_C_LANGUAGE_STANDARD = gnu17;
				GCC_DYNAMIC_NO_PIC = NO;
				GCC_NO_COMMON_BLOCKS = YES;
				GCC_OPTIMIZATION_LEVEL = 0;
				GCC_PREPROCESSOR_DEFINITIONS = (
					"DEBUG=1",
					"$(inherited)",
				);
				GCC_WARN_64_TO_32_BIT_CONVERSION = YES;
				GCC_WARN_ABOUT_RETURN_TYPE = YES_ERROR;
				GCC_WARN_UNDECLARED_SELECTOR = YES;
				GCC_WARN_UNINITIALIZED_AUTOS = YES_AGGRESSIVE;
				GCC_WARN_UNUSED_FUNCTION = YES;
				GCC_WARN_UNUSED_VARIABLE = YES;
				IPHONEOS_DEPLOYMENT_TARGET = 17.2;
				LOCALIZATION_PREFERS_STRING_CATALOGS = YES;
				MTL_ENABLE_DEBUG_INFO = INCLUDE_SOURCE;
				MTL_FAST_MATH = YES;
				ONLY_ACTIVE_ARCH = YES;
				SDKROOT = iphoneos;
				SWIFT_ACTIVE_COMPILATION_CONDITIONS = "DEBUG $(inherited)";
				SWIFT_OPTIMIZATION_LEVEL = "-Onone";
			};
			name = Debug;
		};
		8239382A2C986D9B002DEC1F /* Release */ = {
			isa = XCBuildConfiguration;
			buildSettings = {
				ALWAYS_SEARCH_USER_PATHS = NO;
				ASSETCATALOG_COMPILER_GENERATE_SWIFT_ASSET_SYMBOL_EXTENSIONS = YES;
				CLANG_ANALYZER_NONNULL = YES;
				CLANG_ANALYZER_NUMBER_OBJECT_CONVERSION = YES_AGGRESSIVE;
				CLANG_CXX_LANGUAGE_STANDARD = "gnu++20";
				CLANG_ENABLE_MODULES = YES;
				CLANG_ENABLE_OBJC_ARC = YES;
				CLANG_ENABLE_OBJC_WEAK = YES;
				CLANG_WARN_BLOCK_CAPTURE_AUTORELEASING = YES;
				CLANG_WARN_BOOL_CONVERSION = YES;
				CLANG_WARN_COMMA = YES;
				CLANG_WARN_CONSTANT_CONVERSION = YES;
				CLANG_WARN_DEPRECATED_OBJC_IMPLEMENTATIONS = YES;
				CLANG_WARN_DIRECT_OBJC_ISA_USAGE = YES_ERROR;
				CLANG_WARN_DOCUMENTATION_COMMENTS = YES;
				CLANG_WARN_EMPTY_BODY = YES;
				CLANG_WARN_ENUM_CONVERSION = YES;
				CLANG_WARN_INFINITE_RECURSION = YES;
				CLANG_WARN_INT_CONVERSION = YES;
				CLANG_WARN_NON_LITERAL_NULL_CONVERSION = YES;
				CLANG_WARN_OBJC_IMPLICIT_RETAIN_SELF = YES;
				CLANG_WARN_OBJC_LITERAL_CONVERSION = YES;
				CLANG_WARN_OBJC_ROOT_CLASS = YES_ERROR;
				CLANG_WARN_QUOTED_INCLUDE_IN_FRAMEWORK_HEADER = YES;
				CLANG_WARN_RANGE_LOOP_ANALYSIS = YES;
				CLANG_WARN_STRICT_PROTOTYPES = YES;
				CLANG_WARN_SUSPICIOUS_MOVE = YES;
				CLANG_WARN_UNGUARDED_AVAILABILITY = YES_AGGRESSIVE;
				CLANG_WARN_UNREACHABLE_CODE = YES;
				CLANG_WARN__DUPLICATE_METHOD_MATCH = YES;
				COPY_PHASE_STRIP = NO;
				DEBUG_INFORMATION_FORMAT = "dwarf-with-dsym";
				ENABLE_NS_ASSERTIONS = NO;
				ENABLE_STRICT_OBJC_MSGSEND = YES;
				ENABLE_USER_SCRIPT_SANDBOXING = YES;
				GCC_C_LANGUAGE_STANDARD = gnu17;
				GCC_NO_COMMON_BLOCKS = YES;
				GCC_WARN_64_TO_32_BIT_CONVERSION = YES;
				GCC_WARN_ABOUT_RETURN_TYPE = YES_ERROR;
				GCC_WARN_UNDECLARED_SELECTOR = YES;
				GCC_WARN_UNINITIALIZED_AUTOS = YES_AGGRESSIVE;
				GCC_WARN_UNUSED_FUNCTION = YES;
				GCC_WARN_UNUSED_VARIABLE = YES;
				IPHONEOS_DEPLOYMENT_TARGET = 17.2;
				LOCALIZATION_PREFERS_STRING_CATALOGS = YES;
				MTL_ENABLE_DEBUG_INFO = NO;
				MTL_FAST_MATH = YES;
				SDKROOT = iphoneos;
				SWIFT_COMPILATION_MODE = wholemodule;
				VALIDATE_PRODUCT = YES;
			};
			name = Release;
		};
		8239382C2C986D9B002DEC1F /* Debug */ = {
			isa = XCBuildConfiguration;
			buildSettings = {
				ASSETCATALOG_COMPILER_APPICON_NAME = AppIcon;
				ASSETCATALOG_COMPILER_GLOBAL_ACCENT_COLOR_NAME = AccentColor;
				CODE_SIGN_STYLE = Automatic;
				CURRENT_PROJECT_VERSION = 1;
				DEVELOPMENT_ASSET_PATHS = "\"Gemini-AI-iOS-SwiftUI/Preview Content\"";
				DEVELOPMENT_TEAM = C4Q4GF44R7;
				ENABLE_PREVIEWS = YES;
				GENERATE_INFOPLIST_FILE = YES;
				INFOPLIST_KEY_UIApplicationSceneManifest_Generation = YES;
				INFOPLIST_KEY_UIApplicationSupportsIndirectInputEvents = YES;
				INFOPLIST_KEY_UILaunchScreen_Generation = YES;
				INFOPLIST_KEY_UISupportedInterfaceOrientations_iPad = "UIInterfaceOrientationPortrait UIInterfaceOrientationPortraitUpsideDown UIInterfaceOrientationLandscapeLeft UIInterfaceOrientationLandscapeRight";
				INFOPLIST_KEY_UISupportedInterfaceOrientations_iPhone = "UIInterfaceOrientationPortrait UIInterfaceOrientationLandscapeLeft UIInterfaceOrientationLandscapeRight";
				LD_RUNPATH_SEARCH_PATHS = (
					"$(inherited)",
					"@executable_path/Frameworks",
				);
				MARKETING_VERSION = 1.0;
				PRODUCT_BUNDLE_IDENTIFIER = "com.goutham.Gemini-AI-iOS-SwiftUI";
				PRODUCT_NAME = "$(TARGET_NAME)";
				SWIFT_EMIT_LOC_STRINGS = YES;
				SWIFT_VERSION = 5.0;
				TARGETED_DEVICE_FAMILY = "1,2";
			};
			name = Debug;
		};
		8239382D2C986D9B002DEC1F /* Release */ = {
			isa = XCBuildConfiguration;
			buildSettings = {
				ASSETCATALOG_COMPILER_APPICON_NAME = AppIcon;
				ASSETCATALOG_COMPILER_GLOBAL_ACCENT_COLOR_NAME = AccentColor;
				CODE_SIGN_STYLE = Automatic;
				CURRENT_PROJECT_VERSION = 1;
				DEVELOPMENT_ASSET_PATHS = "\"Gemini-AI-iOS-SwiftUI/Preview Content\"";
				DEVELOPMENT_TEAM = C4Q4GF44R7;
				ENABLE_PREVIEWS = YES;
				GENERATE_INFOPLIST_FILE = YES;
				INFOPLIST_KEY_UIApplicationSceneManifest_Generation = YES;
				INFOPLIST_KEY_UIApplicationSupportsIndirectInputEvents = YES;
				INFOPLIST_KEY_UILaunchScreen_Generation = YES;
				INFOPLIST_KEY_UISupportedInterfaceOrientations_iPad = "UIInterfaceOrientationPortrait UIInterfaceOrientationPortraitUpsideDown UIInterfaceOrientationLandscapeLeft UIInterfaceOrientationLandscapeRight";
				INFOPLIST_KEY_UISupportedInterfaceOrientations_iPhone = "UIInterfaceOrientationPortrait UIInterfaceOrientationLandscapeLeft UIInterfaceOrientationLandscapeRight";
				LD_RUNPATH_SEARCH_PATHS = (
					"$(inherited)",
					"@executable_path/Frameworks",
				);
				MARKETING_VERSION = 1.0;
				PRODUCT_BUNDLE_IDENTIFIER = "com.goutham.Gemini-AI-iOS-SwiftUI";
				PRODUCT_NAME = "$(TARGET_NAME)";
				SWIFT_EMIT_LOC_STRINGS = YES;
				SWIFT_VERSION = 5.0;
				TARGETED_DEVICE_FAMILY = "1,2";
			};
			name = Release;
		};
/* End XCBuildConfiguration section */

/* Begin XCConfigurationList section */
		823938182C986D9A002DEC1F /* Build configuration list for PBXProject "Gemini-AI-iOS-SwiftUI" */ = {
			isa = XCConfigurationList;
			buildConfigurations = (
				823938292C986D9B002DEC1F /* Debug */,
				8239382A2C986D9B002DEC1F /* Release */,
			);
			defaultConfigurationIsVisible = 0;
			defaultConfigurationName = Release;
		};
		8239382B2C986D9B002DEC1F /* Build configuration list for PBXNativeTarget "Gemini-AI-iOS-SwiftUI" */ = {
			isa = XCConfigurationList;
			buildConfigurations = (
				8239382C2C986D9B002DEC1F /* Debug */,
				8239382D2C986D9B002DEC1F /* Release */,
			);
			defaultConfigurationIsVisible = 0;
			defaultConfigurationName = Release;
		};
/* End XCConfigurationList section */

/* Begin XCRemoteSwiftPackageReference section */
		823938322C987762002DEC1F /* XCRemoteSwiftPackageReference "generative-ai-swift" */ = {
			isa = XCRemoteSwiftPackageReference;
			repositoryURL = "https://github.com/google/generative-ai-swift";
			requirement = {
				kind = upToNextMajorVersion;
				minimumVersion = 0.5.6;
			};
		};
/* End XCRemoteSwiftPackageReference section */

/* Begin XCSwiftPackageProductDependency section */
		823938332C987762002DEC1F /* GoogleGenerativeAI */ = {
			isa = XCSwiftPackageProductDependency;
			package = 823938322C987762002DEC1F /* XCRemoteSwiftPackageReference "generative-ai-swift" */;
			productName = GoogleGenerativeAI;
		};
/* End XCSwiftPackageProductDependency section */
	};
	rootObject = 823938152C986D9A002DEC1F /* Project object */;
}
